{
    "_readme": [
        "This file locks the dependencies of your project to a known state",
        "Read more about it at https://getcomposer.org/doc/01-basic-usage.md#composer-lock-the-lock-file",
        "This file is @generated automatically"
    ],
    "hash": "7a6d41e61498771add7ecce3599ea351",
    "content-hash": "b2e48ac4458915f99b60639bbc2b0233",
    "packages": [
        {
            "name": "betephp/framework",
            "version": "v1.0.1",
            "source": {
                "type": "git",
                "url": "https://github.com/betephp/framework.git",
                "reference": "5f731638c0dab2ada8def1c73754eb359574dbc0"
            },
            "dist": {
                "type": "zip",
                "url": "https://api.github.com/repos/betephp/framework/zipball/5f731638c0dab2ada8def1c73754eb359574dbc0",
                "reference": "5f731638c0dab2ada8def1c73754eb359574dbc0",
                "shasum": ""
            },
            "require": {
                "php": ">=5.4.0"
            },
            "type": "library",
            "autoload": {
                "files": [
                    "src/Bete/Support/helpers.php"
                ],
                "psr-4": {
                    "Bete\\": "src/Bete/"
                }
            },
            "notification-url": "https://packagist.org/downloads/",
            "license": [
                "MIT"
            ],
            "authors": [
                {
                    "name": "Ecco Zhou",
                    "email": "eccozhou@gmail.com"
                }
            ],
            "description": "The BetePHP Framework.",
            "homepage": "https://betephp.com",
            "keywords": [
                "betephp",
                "framework"
            ],
            "time": "2017-01-18 06:54:29"
        }
    ],
    "packages-dev": [],
    "aliases": [],
    "minimum-stability": "stable",
    "stability-flags": [],
    "prefer-stable": false,
    "prefer-lowest": false,
    "platform": {
        "php": ">=5.4.0"
    },
    "platform-dev": []
}
